
Microsoft Visual Studio Solution File, Format Version 12.00
# Visual Studio 2012
Project("{8BC9CEB8-8B4A-11D0-8D11-00A0C91BC942}") = "UiaDll", "UiaDll\UiaDll.vcxproj", "{4A06195F-8D10-4384-97C3-86D512C40DE4}"
EndProject
Project("{FAE04EC0-301F-11D3-BF4B-00C04F79EFBC}") = "RAutomation.UIA", "RAutomation.UIA\RAutomation.UIA.csproj", "{0834D9AE-B1AA-422B-B3B2-796C1C346301}"
EndProject
Global
	GlobalSection(SolutionConfigurationPlatforms) = preSolution
		Debug|Any CPU = Debug|Any CPU
		Debug|Mixed Platforms = Debug|Mixed Platforms
		Debug|Win32 = Debug|Win32
		Release|Any CPU = Release|Any CPU
		Release|Mixed Platforms = Release|Mixed Platforms
		Release|Win32 = Release|Win32
	EndGlobalSection
	GlobalSection(ProjectConfigurationPlatforms) = postSolution
		{4A06195F-8D10-4384-97C3-86D512C40DE4}.Debug|Any CPU.ActiveCfg = Debug|Win32
		{4A06195F-8D10-4384-97C3-86D512C40DE4}.Debug|Mixed Platforms.ActiveCfg = Debug|Win32
		{4A06195F-8D10-4384-97C3-86D512C40DE4}.Debug|Mixed Platforms.Build.0 = Debug|Win32
		{4A06195F-8D10-4384-97C3-86D512C40DE4}.Debug|Win32.ActiveCfg = Debug|Win32
		{4A06195F-8D10-4384-97C3-86D512C40DE4}.Debug|Win32.Build.0 = Debug|Win32
		{4A06195F-8D10-4384-97C3-86D512C40DE4}.Release|Any CPU.ActiveCfg = Release|Win32
		{4A06195F-8D10-4384-97C3-86D512C40DE4}.Release|Mixed Platforms.ActiveCfg = Release|Win32
		{4A06195F-8D10-4384-97C3-86D512C40DE4}.Release|Mixed Platforms.Build.0 = Release|Win32
		{4A06195F-8D10-4384-97C3-86D512C40DE4}.Release|Win32.ActiveCfg = Release|Win32
		{4A06195F-8D10-4384-97C3-86D512C40DE4}.Release|Win32.Build.0 = Release|Win32
		{0834D9AE-B1AA-422B-B3B2-796C1C346301}.Debug|Any CPU.ActiveCfg = Debug|Any CPU
		{0834D9AE-B1AA-422B-B3B2-796C1C346301}.Debug|Any CPU.Build.0 = Debug|Any CPU
		{0834D9AE-B1AA-422B-B3B2-796C1C346301}.Debug|Mixed Platforms.ActiveCfg = Debug|Any CPU
		{0834D9AE-B1AA-422B-B3B2-796C1C346301}.Debug|Mixed Platforms.Build.0 = Debug|Any CPU
		{0834D9AE-B1AA-422B-B3B2-796C1C346301}.Debug|Win32.ActiveCfg = Debug|Any CPU
		{0834D9AE-B1AA-422B-B3B2-796C1C346301}.Release|Any CPU.ActiveCfg = Release|Any CPU
		{0834D9AE-B1AA-422B-B3B2-796C1C346301}.Release|Any CPU.Build.0 = Release|Any CPU
		{0834D9AE-B1AA-422B-B3B2-796C1C346301}.Release|Mixed Platforms.ActiveCfg = Release|Any CPU
		{0834D9AE-B1AA-422B-B3B2-796C1C346301}.Release|Mixed Platforms.Build.0 = Release|Any CPU
		{0834D9AE-B1AA-422B-B3B2-796C1C346301}.Release|Win32.ActiveCfg = Release|Any CPU
	EndGlobalSection
	GlobalSection(SolutionProperties) = preSolution
		HideSolutionNode = FALSE
	EndGlobalSection
EndGlobal
