<?xml version="1.0" encoding="utf-8"?>
<Project ToolsVersion="4.0" xmlns="http://schemas.microsoft.com/developer/msbuild/2003">
  <ItemGroup>
    <Filter Include="Source Files">
      <UniqueIdentifier>{4FC737F1-C7A5-4376-A066-2A32D752A2FF}</UniqueIdentifier>
      <Extensions>cpp;c;cc;cxx;def;odl;idl;hpj;bat;asm;asmx</Extensions>
    </Filter>
    <Filter Include="Header Files">
      <UniqueIdentifier>{93995380-89BD-4b04-88EB-625FBE52EBFB}</UniqueIdentifier>
      <Extensions>h;hpp;hxx;hm;inl;inc;xsd</Extensions>
    </Filter>
    <Filter Include="Resource Files">
      <UniqueIdentifier>{67DA6AB6-F800-4c08-8B7A-83BB121AAD01}</UniqueIdentifier>
      <Extensions>rc;ico;cur;bmp;dlg;rc2;rct;bin;rgs;gif;jpg;jpeg;jpe;resx;tiff;tif;png;wav;mfcribbon-ms</Extensions>
    </Filter>
    <Filter Include="Header Files\Helpers">
      <UniqueIdentifier>{235d8022-1949-4a55-b1fd-af041c36744f}</UniqueIdentifier>
    </Filter>
    <Filter Include="Header Files\Table">
      <UniqueIdentifier>{1d8355de-7c5c-4443-b063-cdb96cd03444}</UniqueIdentifier>
    </Filter>
    <Filter Include="Header Files\Menu">
      <UniqueIdentifier>{f558a0f9-f67e-483f-86cf-a5f2ce6f1a93}</UniqueIdentifier>
    </Filter>
    <Filter Include="Source Files\Helpers">
      <UniqueIdentifier>{0639f7bf-9510-4ad0-8032-064ba24fed5a}</UniqueIdentifier>
    </Filter>
    <Filter Include="Source Files\Menu">
      <UniqueIdentifier>{ca87cbd9-97d0-41c0-b1d3-e0b4c6a3de8d}</UniqueIdentifier>
    </Filter>
    <Filter Include="Source Files\Table">
      <UniqueIdentifier>{9f1663a8-aadc-46f8-8b88-b50196b59645}</UniqueIdentifier>
    </Filter>
    <Filter Include="Source Files\SelectList">
      <UniqueIdentifier>{fe7c5a5a-36f1-4acb-9147-a32a4e168c5a}</UniqueIdentifier>
    </Filter>
    <Filter Include="Header Files\Strings">
      <UniqueIdentifier>{568b2839-5e30-4e34-91b0-a0e67f1c1672}</UniqueIdentifier>
    </Filter>
    <Filter Include="Source Files\Strings">
      <UniqueIdentifier>{4059b959-0144-4a0e-8900-fbdef8bbe335}</UniqueIdentifier>
    </Filter>
    <Filter Include="Source Files\Control">
      <UniqueIdentifier>{07c7f544-b01e-4f38-a4bb-adafe3b91fbd}</UniqueIdentifier>
    </Filter>
    <Filter Include="Header Files\Control">
      <UniqueIdentifier>{90616ecb-ce19-48d6-88ac-a38a46e42687}</UniqueIdentifier>
    </Filter>
    <Filter Include="Source Files\Text">
      <UniqueIdentifier>{15a04b2b-04c7-44f4-8fdb-d83019eb3917}</UniqueIdentifier>
    </Filter>
    <Filter Include="Header Files\Text">
      <UniqueIdentifier>{3b3c2b83-e423-4619-991a-ffd7f324ae62}</UniqueIdentifier>
    </Filter>
    <Filter Include="Source Files\TabControl">
      <UniqueIdentifier>{c8cf5521-2447-48f8-a48b-a4bf3909b00a}</UniqueIdentifier>
    </Filter>
  </ItemGroup>
  <ItemGroup>
    <ClInclude Include="UiaDll.h">
      <Filter>Header Files</Filter>
    </ClInclude>
    <ClInclude Include="Stdafx.h">
      <Filter>Header Files</Filter>
    </ClInclude>
    <ClInclude Include="resource.h">
      <Filter>Header Files</Filter>
    </ClInclude>
    <ClInclude Include="globals.h">
      <Filter>Header Files</Filter>
    </ClInclude>
    <ClInclude Include="targetver.h">
      <Filter>Header Files</Filter>
    </ClInclude>
    <ClInclude Include="ExpandCollapseHelper.h">
      <Filter>Header Files\Helpers</Filter>
    </ClInclude>
    <ClInclude Include="AutomatedTable.h">
      <Filter>Header Files\Table</Filter>
    </ClInclude>
    <ClInclude Include="AutomationClicker.h">
      <Filter>Header Files\Helpers</Filter>
    </ClInclude>
    <ClInclude Include="AutomationFinder.h">
      <Filter>Header Files\Helpers</Filter>
    </ClInclude>
    <ClInclude Include="MenuItemSelector.h">
      <Filter>Header Files\Menu</Filter>
    </ClInclude>
    <ClInclude Include="StringHelper.h">
      <Filter>Header Files\Strings</Filter>
    </ClInclude>
    <ClInclude Include="AutomationControl.h">
      <Filter>Header Files\Control</Filter>
    </ClInclude>
    <ClInclude Include="AutomatedText.h">
      <Filter>Header Files\Text</Filter>
    </ClInclude>
    <ClInclude Include="DynamicAssemblyResolver.h">
      <Filter>Header Files</Filter>
    </ClInclude>
  </ItemGroup>
  <ItemGroup>
    <ClCompile Include="UiaDll.cpp">
      <Filter>Source Files</Filter>
    </ClCompile>
    <ClCompile Include="AssemblyInfo.cpp">
      <Filter>Source Files</Filter>
    </ClCompile>
    <ClCompile Include="Stdafx.cpp">
      <Filter>Source Files</Filter>
    </ClCompile>
    <ClCompile Include="dllmain.cpp">
      <Filter>Source Files</Filter>
    </ClCompile>
    <ClCompile Include="AutomatedTable.cpp">
      <Filter>Source Files\Table</Filter>
    </ClCompile>
    <ClCompile Include="AutomationClicker.cpp">
      <Filter>Source Files\Helpers</Filter>
    </ClCompile>
    <ClCompile Include="AutomationFinder.cpp">
      <Filter>Source Files\Helpers</Filter>
    </ClCompile>
    <ClCompile Include="ExpandCollapseHelper.cpp">
      <Filter>Source Files\Helpers</Filter>
    </ClCompile>
    <ClCompile Include="MenuItemSelector.cpp">
      <Filter>Source Files\Menu</Filter>
    </ClCompile>
    <ClCompile Include="TableMethods.cpp">
      <Filter>Source Files\Table</Filter>
    </ClCompile>
    <ClCompile Include="SelectListMethods.cpp">
      <Filter>Source Files\SelectList</Filter>
    </ClCompile>
    <ClCompile Include="MenuMethods.cpp">
      <Filter>Source Files\Menu</Filter>
    </ClCompile>
    <ClCompile Include="StringHelper.cpp">
      <Filter>Source Files\Strings</Filter>
    </ClCompile>
    <ClCompile Include="StringMethods.cpp">
      <Filter>Source Files\Strings</Filter>
    </ClCompile>
    <ClCompile Include="AutomationControl.cpp">
      <Filter>Source Files\Control</Filter>
    </ClCompile>
    <ClCompile Include="ControlMethods.cpp">
      <Filter>Source Files\Control</Filter>
    </ClCompile>
    <ClCompile Include="TextMethods.cpp">
      <Filter>Source Files\Text</Filter>
    </ClCompile>
    <ClCompile Include="AutomatedText.cpp">
      <Filter>Source Files\Text</Filter>
    </ClCompile>
    <ClCompile Include="TabControlMethods.cpp">
      <Filter>Source Files\TabControl</Filter>
    </ClCompile>
    <ClCompile Include="DynamicAssemblyResolver.cpp">
      <Filter>Source Files</Filter>
    </ClCompile>
  </ItemGroup>
  <ItemGroup>
    <None Include="ReadMe.txt" />
    <None Include="app.ico">
      <Filter>Resource Files</Filter>
    </None>
  </ItemGroup>
  <ItemGroup>
    <ResourceCompile Include="app.rc">
      <Filter>Resource Files</Filter>
    </ResourceCompile>
  </ItemGroup>
</Project>